
Microsoft Visual Studio Solution File, Format Version 12.00
# Visual Studio Version 17
VisualStudioVersion = 17.3.32825.248
MinimumVisualStudioVersion = 10.0.40219.1
Project("{FAE04EC0-301F-11D3-BF4B-00C04F79EFBC}") = "HelloWorld1", "HelloWorld1\HelloWorld1.csproj", "{8D917FFA-4F5A-48FA-A207-0A001A2B9481}"
EndProject
Global
	GlobalSection(SolutionConfigurationPlatforms) = preSolution
		Debug|Any CPU = Debug|Any CPU
		Release|Any CPU = Release|Any CPU
	EndGlobalSection
	GlobalSection(ProjectConfigurationPlatforms) = postSolution
		{8D917FFA-4F5A-48FA-A207-0A001A2B9481}.Debug|Any CPU.ActiveCfg = Debug|Any CPU
		{8D917FFA-4F5A-48FA-A207-0A001A2B9481}.Debug|Any CPU.Build.0 = Debug|Any CPU
		{8D917FFA-4F5A-48FA-A207-0A001A2B9481}.Release|Any CPU.ActiveCfg = Release|Any CPU
		{8D917FFA-4F5A-48FA-A207-0A001A2B9481}.Release|Any CPU.Build.0 = Release|Any CPU
	EndGlobalSection
	GlobalSection(SolutionProperties) = preSolution
		HideSolutionNode = FALSE
	EndGlobalSection
	GlobalSection(ExtensibilityGlobals) = postSolution
		SolutionGuid = {38CFA078-095D-4ADF-90CD-E852F24B10CA}
	EndGlobalSection
EndGlobal
