
Microsoft Visual Studio Solution File, Format Version 12.00
# Visual Studio Version 17
VisualStudioVersion = 17.3.32922.545
MinimumVisualStudioVersion = 10.0.40219.1
Project("{FAE04EC0-301F-11D3-BF4B-00C04F79EFBC}") = "Student Manager", "Student Manager\Student Manager.csproj", "{D7E7D68E-B7A1-4C60-BF1B-131775DB501C}"
EndProject
Global
	GlobalSection(SolutionConfigurationPlatforms) = preSolution
		Debug|Any CPU = Debug|Any CPU
		Release|Any CPU = Release|Any CPU
	EndGlobalSection
	GlobalSection(ProjectConfigurationPlatforms) = postSolution
		{D7E7D68E-B7A1-4C60-BF1B-131775DB501C}.Debug|Any CPU.ActiveCfg = Debug|Any CPU
		{D7E7D68E-B7A1-4C60-BF1B-131775DB501C}.Debug|Any CPU.Build.0 = Debug|Any CPU
		{D7E7D68E-B7A1-4C60-BF1B-131775DB501C}.Release|Any CPU.ActiveCfg = Release|Any CPU
		{D7E7D68E-B7A1-4C60-BF1B-131775DB501C}.Release|Any CPU.Build.0 = Release|Any CPU
	EndGlobalSection
	GlobalSection(SolutionProperties) = preSolution
		HideSolutionNode = FALSE
	EndGlobalSection
	GlobalSection(ExtensibilityGlobals) = postSolution
		SolutionGuid = {312CE21F-2E58-4802-B48C-8185B94C9C9B}
	EndGlobalSection
EndGlobal
